// !$*UTF8*$!
{
	archiveVersion = 1;
	classes = {
	};
	objectVersion = 46;
	objects = {

/* Begin PBXBuildFile section */
		D590C4461527BBC6007248F7 /* DelaunayEdge.h in Headers */ = {isa = PBXBuildFile; fileRef = D590C43C1527BBC6007248F7 /* DelaunayEdge.h */; };
		D590C4471527BBC6007248F7 /* DelaunayEdge.m in Sources */ = {isa = PBXBuildFile; fileRef = D590C43D1527BBC6007248F7 /* DelaunayEdge.m */; };
		D590C4481527BBC6007248F7 /* DelaunayPoint.h in Headers */ = {isa = PBXBuildFile; fileRef = D590C43E1527BBC6007248F7 /* DelaunayPoint.h */; };
		D590C4491527BBC6007248F7 /* DelaunayPoint.m in Sources */ = {isa = PBXBuildFile; fileRef = D590C43F1527BBC6007248F7 /* DelaunayPoint.m */; };
		D590C44A1527BBC6007248F7 /* DelaunayTriangle.h in Headers */ = {isa = PBXBuildFile; fileRef = D590C4401527BBC6007248F7 /* DelaunayTriangle.h */; };
		D590C44B1527BBC6007248F7 /* DelaunayTriangle.m in Sources */ = {isa = PBXBuildFile; fileRef = D590C4411527BBC6007248F7 /* DelaunayTriangle.m */; };
		D590C44C1527BBC6007248F7 /* DelaunayTriangulation.h in Headers */ = {isa = PBXBuildFile; fileRef = D590C4421527BBC6007248F7 /* DelaunayTriangulation.h */; };
		D590C44D1527BBC6007248F7 /* DelaunayTriangulation.m in Sources */ = {isa = PBXBuildFile; fileRef = D590C4431527BBC6007248F7 /* DelaunayTriangulation.m */; };
		D590C44E1527BBC6007248F7 /* VoronoiCell.h in Headers */ = {isa = PBXBuildFile; fileRef = D590C4441527BBC6007248F7 /* VoronoiCell.h */; };
		D590C44F1527BBC6007248F7 /* VoronoiCell.m in Sources */ = {isa = PBXBuildFile; fileRef = D590C4451527BBC6007248F7 /* VoronoiCell.m */; };
		D590C4501527BC06007248F7 /* libEdgy iOS.a in Frameworks */ = {isa = PBXBuildFile; fileRef = D5A55A1013EE19130001ADF7 /* libEdgy iOS.a */; };
		D5A55A1113EE19130001ADF7 /* Foundation.framework in Frameworks */ = {isa = PBXBuildFile; fileRef = D5E1767813D367E0009A2894 /* Foundation.framework */; };
		D5E1767713D367E0009A2894 /* UIKit.framework in Frameworks */ = {isa = PBXBuildFile; fileRef = D5E1767613D367E0009A2894 /* UIKit.framework */; };
		D5E1767913D367E0009A2894 /* Foundation.framework in Frameworks */ = {isa = PBXBuildFile; fileRef = D5E1767813D367E0009A2894 /* Foundation.framework */; };
		D5E1767B13D367E0009A2894 /* CoreGraphics.framework in Frameworks */ = {isa = PBXBuildFile; fileRef = D5E1767A13D367E0009A2894 /* CoreGraphics.framework */; };
		D5E1768113D367E0009A2894 /* InfoPlist.strings in Resources */ = {isa = PBXBuildFile; fileRef = D5E1767F13D367E0009A2894 /* InfoPlist.strings */; };
		D5E1768413D367E0009A2894 /* main.m in Sources */ = {isa = PBXBuildFile; fileRef = D5E1768313D367E0009A2894 /* main.m */; };
		D5E1768713D367E0009A2894 /* DelaunayTestAppDelegate.m in Sources */ = {isa = PBXBuildFile; fileRef = D5E1768613D367E0009A2894 /* DelaunayTestAppDelegate.m */; };
		D5E1768A13D367E0009A2894 /* MainWindow.xib in Resources */ = {isa = PBXBuildFile; fileRef = D5E1768813D367E0009A2894 /* MainWindow.xib */; };
		D5E1768D13D367E0009A2894 /* DelaunayTestViewController.m in Sources */ = {isa = PBXBuildFile; fileRef = D5E1768C13D367E0009A2894 /* DelaunayTestViewController.m */; };
		D5E1769013D367E0009A2894 /* DelaunayTestViewController.xib in Resources */ = {isa = PBXBuildFile; fileRef = D5E1768E13D367E0009A2894 /* DelaunayTestViewController.xib */; };
		D5E1769813D36805009A2894 /* DelaunayView.m in Sources */ = {isa = PBXBuildFile; fileRef = D5E1769713D36805009A2894 /* DelaunayView.m */; };
		D5E176A313D4DFE9009A2894 /* todo in Resources */ = {isa = PBXBuildFile; fileRef = D5E176A213D4DFE9009A2894 /* todo */; };
		D5E8109B13EE267300C137FF /* UIKit.framework in Frameworks */ = {isa = PBXBuildFile; fileRef = D5E1767613D367E0009A2894 /* UIKit.framework */; };
		D5E8109C13EE267300C137FF /* CoreGraphics.framework in Frameworks */ = {isa = PBXBuildFile; fileRef = D5E1767A13D367E0009A2894 /* CoreGraphics.framework */; };
/* End PBXBuildFile section */

/* Begin PBXContainerItemProxy section */
		D590C43A1527BB04007248F7 /* PBXContainerItemProxy */ = {
			isa = PBXContainerItemProxy;
			containerPortal = D5E1766913D367E0009A2894 /* Project object */;
			proxyType = 1;
			remoteGlobalIDString = D5A55A0F13EE19130001ADF7;
			remoteInfo = Edgy;
		};
/* End PBXContainerItemProxy section */

/* Begin PBXFileReference section */
		D590C43C1527BBC6007248F7 /* DelaunayEdge.h */ = {isa = PBXFileReference; fileEncoding = 4; lastKnownFileType = sourcecode.c.h; path = DelaunayEdge.h; sourceTree = "<group>"; };
		D590C43D1527BBC6007248F7 /* DelaunayEdge.m */ = {isa = PBXFileReference; fileEncoding = 4; lastKnownFileType = sourcecode.c.objc; path = DelaunayEdge.m; sourceTree = "<group>"; };
		D590C43E1527BBC6007248F7 /* DelaunayPoint.h */ = {isa = PBXFileReference; fileEncoding = 4; lastKnownFileType = sourcecode.c.h; path = DelaunayPoint.h; sourceTree = "<group>"; };
		D590C43F1527BBC6007248F7 /* DelaunayPoint.m */ = {isa = PBXFileReference; fileEncoding = 4; lastKnownFileType = sourcecode.c.objc; path = DelaunayPoint.m; sourceTree = "<group>"; };
		D590C4401527BBC6007248F7 /* DelaunayTriangle.h */ = {isa = PBXFileReference; fileEncoding = 4; lastKnownFileType = sourcecode.c.h; path = DelaunayTriangle.h; sourceTree = "<group>"; };
		D590C4411527BBC6007248F7 /* DelaunayTriangle.m */ = {isa = PBXFileReference; fileEncoding = 4; lastKnownFileType = sourcecode.c.objc; path = DelaunayTriangle.m; sourceTree = "<group>"; };
		D590C4421527BBC6007248F7 /* DelaunayTriangulation.h */ = {isa = PBXFileReference; fileEncoding = 4; lastKnownFileType = sourcecode.c.h; path = DelaunayTriangulation.h; sourceTree = "<group>"; };
		D590C4431527BBC6007248F7 /* DelaunayTriangulation.m */ = {isa = PBXFileReference; fileEncoding = 4; lastKnownFileType = sourcecode.c.objc; path = DelaunayTriangulation.m; sourceTree = "<group>"; };
		D590C4441527BBC6007248F7 /* VoronoiCell.h */ = {isa = PBXFileReference; fileEncoding = 4; lastKnownFileType = sourcecode.c.h; path = VoronoiCell.h; sourceTree = "<group>"; };
		D590C4451527BBC6007248F7 /* VoronoiCell.m */ = {isa = PBXFileReference; fileEncoding = 4; lastKnownFileType = sourcecode.c.objc; path = VoronoiCell.m; sourceTree = "<group>"; };
		D5A55A1013EE19130001ADF7 /* libEdgy iOS.a */ = {isa = PBXFileReference; explicitFileType = archive.ar; includeInIndex = 0; path = "libEdgy iOS.a"; sourceTree = BUILT_PRODUCTS_DIR; };
		D5A55A1413EE19130001ADF7 /* Edgy-Prefix.pch */ = {isa = PBXFileReference; lastKnownFileType = sourcecode.c.h; path = "Edgy-Prefix.pch"; sourceTree = "<group>"; };
		D5E1767213D367E0009A2894 /* DelaunayTest.app */ = {isa = PBXFileReference; explicitFileType = wrapper.application; includeInIndex = 0; path = DelaunayTest.app; sourceTree = BUILT_PRODUCTS_DIR; };
		D5E1767613D367E0009A2894 /* UIKit.framework */ = {isa = PBXFileReference; lastKnownFileType = wrapper.framework; name = UIKit.framework; path = System/Library/Frameworks/UIKit.framework; sourceTree = SDKROOT; };
		D5E1767813D367E0009A2894 /* Foundation.framework */ = {isa = PBXFileReference; lastKnownFileType = wrapper.framework; name = Foundation.framework; path = System/Library/Frameworks/Foundation.framework; sourceTree = SDKROOT; };
		D5E1767A13D367E0009A2894 /* CoreGraphics.framework */ = {isa = PBXFileReference; lastKnownFileType = wrapper.framework; name = CoreGraphics.framework; path = System/Library/Frameworks/CoreGraphics.framework; sourceTree = SDKROOT; };
		D5E1767E13D367E0009A2894 /* DelaunayTest-Info.plist */ = {isa = PBXFileReference; lastKnownFileType = text.plist.xml; path = "DelaunayTest-Info.plist"; sourceTree = "<group>"; };
		D5E1768013D367E0009A2894 /* en */ = {isa = PBXFileReference; lastKnownFileType = text.plist.strings; name = en; path = en.lproj/InfoPlist.strings; sourceTree = "<group>"; };
		D5E1768213D367E0009A2894 /* DelaunayTest-Prefix.pch */ = {isa = PBXFileReference; lastKnownFileType = sourcecode.c.h; path = "DelaunayTest-Prefix.pch"; sourceTree = "<group>"; };
		D5E1768313D367E0009A2894 /* main.m */ = {isa = PBXFileReference; lastKnownFileType = sourcecode.c.objc; path = main.m; sourceTree = "<group>"; };
		D5E1768513D367E0009A2894 /* DelaunayTestAppDelegate.h */ = {isa = PBXFileReference; lastKnownFileType = sourcecode.c.h; path = DelaunayTestAppDelegate.h; sourceTree = "<group>"; };
		D5E1768613D367E0009A2894 /* DelaunayTestAppDelegate.m */ = {isa = PBXFileReference; lastKnownFileType = sourcecode.c.objc; path = DelaunayTestAppDelegate.m; sourceTree = "<group>"; };
		D5E1768913D367E0009A2894 /* en */ = {isa = PBXFileReference; lastKnownFileType = file.xib; name = en; path = en.lproj/MainWindow.xib; sourceTree = "<group>"; };
		D5E1768B13D367E0009A2894 /* DelaunayTestViewController.h */ = {isa = PBXFileReference; lastKnownFileType = sourcecode.c.h; path = DelaunayTestViewController.h; sourceTree = "<group>"; };
		D5E1768C13D367E0009A2894 /* DelaunayTestViewController.m */ = {isa = PBXFileReference; lastKnownFileType = sourcecode.c.objc; path = DelaunayTestViewController.m; sourceTree = "<group>"; };
		D5E1768F13D367E0009A2894 /* en */ = {isa = PBXFileReference; lastKnownFileType = file.xib; name = en; path = en.lproj/DelaunayTestViewController.xib; sourceTree = "<group>"; };
		D5E1769613D36805009A2894 /* DelaunayView.h */ = {isa = PBXFileReference; fileEncoding = 4; lastKnownFileType = sourcecode.c.h; path = DelaunayView.h; sourceTree = "<group>"; };
		D5E1769713D36805009A2894 /* DelaunayView.m */ = {isa = PBXFileReference; fileEncoding = 4; lastKnownFileType = sourcecode.c.objc; path = DelaunayView.m; sourceTree = "<group>"; };
		D5E176A213D4DFE9009A2894 /* todo */ = {isa = PBXFileReference; fileEncoding = 4; lastKnownFileType = text; path = todo; sourceTree = "<group>"; };
/* End PBXFileReference section */

/* Begin PBXFrameworksBuildPhase section */
		D5A55A0D13EE19130001ADF7 /* Frameworks */ = {
			isa = PBXFrameworksBuildPhase;
			buildActionMask = 2147483647;
			files = (
				D5A55A1113EE19130001ADF7 /* Foundation.framework in Frameworks */,
				D5E8109B13EE267300C137FF /* UIKit.framework in Frameworks */,
				D5E8109C13EE267300C137FF /* CoreGraphics.framework in Frameworks */,
			);
			runOnlyForDeploymentPostprocessing = 0;
		};
		D5E1766F13D367E0009A2894 /* Frameworks */ = {
			isa = PBXFrameworksBuildPhase;
			buildActionMask = 2147483647;
			files = (
				D590C4501527BC06007248F7 /* libEdgy iOS.a in Frameworks */,
				D5E1767713D367E0009A2894 /* UIKit.framework in Frameworks */,
				D5E1767913D367E0009A2894 /* Foundation.framework in Frameworks */,
				D5E1767B13D367E0009A2894 /* CoreGraphics.framework in Frameworks */,
			);
			runOnlyForDeploymentPostprocessing = 0;
		};
/* End PBXFrameworksBuildPhase section */

/* Begin PBXGroup section */
		D5A55A1213EE19130001ADF7 /* Edgy */ = {
			isa = PBXGroup;
			children = (
				D590C43C1527BBC6007248F7 /* DelaunayEdge.h */,
				D590C43D1527BBC6007248F7 /* DelaunayEdge.m */,
				D590C43E1527BBC6007248F7 /* DelaunayPoint.h */,
				D590C43F1527BBC6007248F7 /* DelaunayPoint.m */,
				D590C4401527BBC6007248F7 /* DelaunayTriangle.h */,
				D590C4411527BBC6007248F7 /* DelaunayTriangle.m */,
				D590C4421527BBC6007248F7 /* DelaunayTriangulation.h */,
				D590C4431527BBC6007248F7 /* DelaunayTriangulation.m */,
				D590C4441527BBC6007248F7 /* VoronoiCell.h */,
				D590C4451527BBC6007248F7 /* VoronoiCell.m */,
				D5A55A1313EE19130001ADF7 /* Supporting Files */,
			);
			path = Edgy;
			sourceTree = "<group>";
		};
		D5A55A1313EE19130001ADF7 /* Supporting Files */ = {
			isa = PBXGroup;
			children = (
				D5A55A1413EE19130001ADF7 /* Edgy-Prefix.pch */,
			);
			name = "Supporting Files";
			sourceTree = "<group>";
		};
		D5E1766713D367E0009A2894 = {
			isa = PBXGroup;
			children = (
				D5E1767C13D367E0009A2894 /* DelaunayTest */,
				D5A55A1213EE19130001ADF7 /* Edgy */,
				D5E1767513D367E0009A2894 /* Frameworks */,
				D5E1767313D367E0009A2894 /* Products */,
			);
			sourceTree = "<group>";
		};
		D5E1767313D367E0009A2894 /* Products */ = {
			isa = PBXGroup;
			children = (
				D5E1767213D367E0009A2894 /* DelaunayTest.app */,
				D5A55A1013EE19130001ADF7 /* libEdgy iOS.a */,
			);
			name = Products;
			sourceTree = "<group>";
		};
		D5E1767513D367E0009A2894 /* Frameworks */ = {
			isa = PBXGroup;
			children = (
				D5E1767613D367E0009A2894 /* UIKit.framework */,
				D5E1767813D367E0009A2894 /* Foundation.framework */,
				D5E1767A13D367E0009A2894 /* CoreGraphics.framework */,
			);
			name = Frameworks;
			sourceTree = "<group>";
		};
		D5E1767C13D367E0009A2894 /* DelaunayTest */ = {
			isa = PBXGroup;
			children = (
				D5E1768513D367E0009A2894 /* DelaunayTestAppDelegate.h */,
				D5E1768613D367E0009A2894 /* DelaunayTestAppDelegate.m */,
				D5E1768813D367E0009A2894 /* MainWindow.xib */,
				D5E1768B13D367E0009A2894 /* DelaunayTestViewController.h */,
				D5E1768C13D367E0009A2894 /* DelaunayTestViewController.m */,
				D5E1768E13D367E0009A2894 /* DelaunayTestViewController.xib */,
				D5E1769613D36805009A2894 /* DelaunayView.h */,
				D5E1769713D36805009A2894 /* DelaunayView.m */,
				D5E1767D13D367E0009A2894 /* Supporting Files */,
				D5E176A213D4DFE9009A2894 /* todo */,
			);
			path = DelaunayTest;
			sourceTree = "<group>";
		};
		D5E1767D13D367E0009A2894 /* Supporting Files */ = {
			isa = PBXGroup;
			children = (
				D5E1767E13D367E0009A2894 /* DelaunayTest-Info.plist */,
				D5E1767F13D367E0009A2894 /* InfoPlist.strings */,
				D5E1768213D367E0009A2894 /* DelaunayTest-Prefix.pch */,
				D5E1768313D367E0009A2894 /* main.m */,
			);
			name = "Supporting Files";
			sourceTree = "<group>";
		};
/* End PBXGroup section */

/* Begin PBXHeadersBuildPhase section */
		D5A55A0E13EE19130001ADF7 /* Headers */ = {
			isa = PBXHeadersBuildPhase;
			buildActionMask = 2147483647;
			files = (
				D590C4461527BBC6007248F7 /* DelaunayEdge.h in Headers */,
				D590C4481527BBC6007248F7 /* DelaunayPoint.h in Headers */,
				D590C44A1527BBC6007248F7 /* DelaunayTriangle.h in Headers */,
				D590C44C1527BBC6007248F7 /* DelaunayTriangulation.h in Headers */,
				D590C44E1527BBC6007248F7 /* VoronoiCell.h in Headers */,
			);
			runOnlyForDeploymentPostprocessing = 0;
		};
/* End PBXHeadersBuildPhase section */

/* Begin PBXNativeTarget section */
		D5A55A0F13EE19130001ADF7 /* Edgy iOS */ = {
			isa = PBXNativeTarget;
			buildConfigurationList = D5A55A1713EE19130001ADF7 /* Build configuration list for PBXNativeTarget "Edgy iOS" */;
			buildPhases = (
				D5A55A0C13EE19130001ADF7 /* Sources */,
				D5A55A0D13EE19130001ADF7 /* Frameworks */,
				D5A55A0E13EE19130001ADF7 /* Headers */,
			);
			buildRules = (
			);
			dependencies = (
			);
			name = "Edgy iOS";
			productName = Edgy;
			productReference = D5A55A1013EE19130001ADF7 /* libEdgy iOS.a */;
			productType = "com.apple.product-type.library.static";
		};
		D5E1767113D367E0009A2894 /* DelaunayTest */ = {
			isa = PBXNativeTarget;
			buildConfigurationList = D5E1769313D367E0009A2894 /* Build configuration list for PBXNativeTarget "DelaunayTest" */;
			buildPhases = (
				D5E1766E13D367E0009A2894 /* Sources */,
				D5E1766F13D367E0009A2894 /* Frameworks */,
				D5E1767013D367E0009A2894 /* Resources */,
			);
			buildRules = (
			);
			dependencies = (
				D590C43B1527BB04007248F7 /* PBXTargetDependency */,
			);
			name = DelaunayTest;
			productName = DelaunayTest;
			productReference = D5E1767213D367E0009A2894 /* DelaunayTest.app */;
			productType = "com.apple.product-type.application";
		};
/* End PBXNativeTarget section */

/* Begin PBXProject section */
		D5E1766913D367E0009A2894 /* Project object */ = {
			isa = PBXProject;
			attributes = {
				LastUpgradeCheck = 0430;
				ORGANIZATIONNAME = Stanford;
			};
			buildConfigurationList = D5E1766C13D367E0009A2894 /* Build configuration list for PBXProject "Edgy" */;
			compatibilityVersion = "Xcode 3.2";
			developmentRegion = English;
			hasScannedForEncodings = 0;
			knownRegions = (
				en,
			);
			mainGroup = D5E1766713D367E0009A2894;
			productRefGroup = D5E1767313D367E0009A2894 /* Products */;
			projectDirPath = "";
			projectRoot = "";
			targets = (
				D5E1767113D367E0009A2894 /* DelaunayTest */,
				D5A55A0F13EE19130001ADF7 /* Edgy iOS */,
			);
		};
/* End PBXProject section */

/* Begin PBXResourcesBuildPhase section */
		D5E1767013D367E0009A2894 /* Resources */ = {
			isa = PBXResourcesBuildPhase;
			buildActionMask = 2147483647;
			files = (
				D5E1768113D367E0009A2894 /* InfoPlist.strings in Resources */,
				D5E1768A13D367E0009A2894 /* MainWindow.xib in Resources */,
				D5E1769013D367E0009A2894 /* DelaunayTestViewController.xib in Resources */,
				D5E176A313D4DFE9009A2894 /* todo in Resources */,
			);
			runOnlyForDeploymentPostprocessing = 0;
		};
/* End PBXResourcesBuildPhase section */

/* Begin PBXSourcesBuildPhase section */
		D5A55A0C13EE19130001ADF7 /* Sources */ = {
			isa = PBXSourcesBuildPhase;
			buildActionMask = 2147483647;
			files = (
				D590C4471527BBC6007248F7 /* DelaunayEdge.m in Sources */,
				D590C4491527BBC6007248F7 /* DelaunayPoint.m in Sources */,
				D590C44B1527BBC6007248F7 /* DelaunayTriangle.m in Sources */,
				D590C44D1527BBC6007248F7 /* DelaunayTriangulation.m in Sources */,
				D590C44F1527BBC6007248F7 /* VoronoiCell.m in Sources */,
			);
			runOnlyForDeploymentPostprocessing = 0;
		};
		D5E1766E13D367E0009A2894 /* Sources */ = {
			isa = PBXSourcesBuildPhase;
			buildActionMask = 2147483647;
			files = (
				D5E1768413D367E0009A2894 /* main.m in Sources */,
				D5E1768713D367E0009A2894 /* DelaunayTestAppDelegate.m in Sources */,
				D5E1768D13D367E0009A2894 /* DelaunayTestViewController.m in Sources */,
				D5E1769813D36805009A2894 /* DelaunayView.m in Sources */,
			);
			runOnlyForDeploymentPostprocessing = 0;
		};
/* End PBXSourcesBuildPhase section */

/* Begin PBXTargetDependency section */
		D590C43B1527BB04007248F7 /* PBXTargetDependency */ = {
			isa = PBXTargetDependency;
			target = D5A55A0F13EE19130001ADF7 /* Edgy iOS */;
			targetProxy = D590C43A1527BB04007248F7 /* PBXContainerItemProxy */;
		};
/* End PBXTargetDependency section */

/* Begin PBXVariantGroup section */
		D5E1767F13D367E0009A2894 /* InfoPlist.strings */ = {
			isa = PBXVariantGroup;
			children = (
				D5E1768013D367E0009A2894 /* en */,
			);
			name = InfoPlist.strings;
			sourceTree = "<group>";
		};
		D5E1768813D367E0009A2894 /* MainWindow.xib */ = {
			isa = PBXVariantGroup;
			children = (
				D5E1768913D367E0009A2894 /* en */,
			);
			name = MainWindow.xib;
			sourceTree = "<group>";
		};
		D5E1768E13D367E0009A2894 /* DelaunayTestViewController.xib */ = {
			isa = PBXVariantGroup;
			children = (
				D5E1768F13D367E0009A2894 /* en */,
			);
			name = DelaunayTestViewController.xib;
			sourceTree = "<group>";
		};
/* End PBXVariantGroup section */

/* Begin XCBuildConfiguration section */
		D5A55A1513EE19130001ADF7 /* Debug */ = {
			isa = XCBuildConfiguration;
			buildSettings = {
				ALWAYS_SEARCH_USER_PATHS = NO;
				ARCHS = "$(ARCHS_STANDARD_32_BIT)";
				CLANG_ENABLE_OBJC_ARC = YES;
				DSTROOT = /tmp/Edgy.dst;
				GCC_PRECOMPILE_PREFIX_HEADER = YES;
				GCC_PREFIX_HEADER = "Edgy/Edgy-Prefix.pch";
				GCC_VERSION = com.apple.compilers.llvm.clang.1_0;
				OTHER_LDFLAGS = "-ObjC";
				PRODUCT_NAME = "$(TARGET_NAME)";
				SDKROOT = iphoneos;
			};
			name = Debug;
		};
		D5A55A1613EE19130001ADF7 /* Release */ = {
			isa = XCBuildConfiguration;
			buildSettings = {
				ALWAYS_SEARCH_USER_PATHS = NO;
				ARCHS = "$(ARCHS_STANDARD_32_BIT)";
				CLANG_ENABLE_OBJC_ARC = YES;
				DSTROOT = /tmp/Edgy.dst;
				GCC_PRECOMPILE_PREFIX_HEADER = YES;
				GCC_PREFIX_HEADER = "Edgy/Edgy-Prefix.pch";
				GCC_VERSION = com.apple.compilers.llvm.clang.1_0;
				OTHER_LDFLAGS = "-ObjC";
				PRODUCT_NAME = "$(TARGET_NAME)";
				SDKROOT = iphoneos;
			};
			name = Release;
		};
		D5E1769113D367E0009A2894 /* Debug */ = {
			isa = XCBuildConfiguration;
			buildSettings = {
				ARCHS = "$(ARCHS_UNIVERSAL_IPHONE_OS)";
				"CODE_SIGN_IDENTITY[sdk=iphoneos*]" = "iPhone Developer";
				GCC_C_LANGUAGE_STANDARD = gnu99;
				GCC_OPTIMIZATION_LEVEL = 0;
				GCC_PREPROCESSOR_DEFINITIONS = DEBUG;
				GCC_SYMBOLS_PRIVATE_EXTERN = NO;
				GCC_VERSION = com.apple.compilers.llvmgcc42;
				GCC_WARN_ABOUT_RETURN_TYPE = YES;
				GCC_WARN_UNUSED_VARIABLE = YES;
				IPHONEOS_DEPLOYMENT_TARGET = 5.1;
				SDKROOT = iphoneos;
				TARGETED_DEVICE_FAMILY = "1,2";
			};
			name = Debug;
		};
		D5E1769213D367E0009A2894 /* Release */ = {
			isa = XCBuildConfiguration;
			buildSettings = {
				ARCHS = "$(ARCHS_UNIVERSAL_IPHONE_OS)";
				"CODE_SIGN_IDENTITY[sdk=iphoneos*]" = "iPhone Developer";
				GCC_C_LANGUAGE_STANDARD = gnu99;
				GCC_VERSION = com.apple.compilers.llvmgcc42;
				GCC_WARN_ABOUT_RETURN_TYPE = YES;
				GCC_WARN_UNUSED_VARIABLE = YES;
				IPHONEOS_DEPLOYMENT_TARGET = 5.1;
				OTHER_CFLAGS = "-DNS_BLOCK_ASSERTIONS=1";
				SDKROOT = iphoneos;
				TARGETED_DEVICE_FAMILY = "1,2";
			};
			name = Release;
		};
		D5E1769413D367E0009A2894 /* Debug */ = {
			isa = XCBuildConfiguration;
			buildSettings = {
				ALWAYS_SEARCH_USER_PATHS = NO;
				COPY_PHASE_STRIP = NO;
				GCC_DYNAMIC_NO_PIC = NO;
				GCC_PRECOMPILE_PREFIX_HEADER = YES;
				GCC_PREFIX_HEADER = "DelaunayTest/DelaunayTest-Prefix.pch";
				GCC_VERSION = com.apple.compilers.llvm.clang.1_0;
				HEADER_SEARCH_PATHS = Edgy/;
				INFOPLIST_FILE = "DelaunayTest/DelaunayTest-Info.plist";
				PRODUCT_NAME = "$(TARGET_NAME)";
				WRAPPER_EXTENSION = app;
			};
			name = Debug;
		};
		D5E1769513D367E0009A2894 /* Release */ = {
			isa = XCBuildConfiguration;
			buildSettings = {
				ALWAYS_SEARCH_USER_PATHS = NO;
				COPY_PHASE_STRIP = YES;
				GCC_PRECOMPILE_PREFIX_HEADER = YES;
				GCC_PREFIX_HEADER = "DelaunayTest/DelaunayTest-Prefix.pch";
				GCC_VERSION = com.apple.compilers.llvm.clang.1_0;
				HEADER_SEARCH_PATHS = Edgy/;
				INFOPLIST_FILE = "DelaunayTest/DelaunayTest-Info.plist";
				PRODUCT_NAME = "$(TARGET_NAME)";
				VALIDATE_PRODUCT = YES;
				WRAPPER_EXTENSION = app;
			};
			name = Release;
		};
/* End XCBuildConfiguration section */

/* Begin XCConfigurationList section */
		D5A55A1713EE19130001ADF7 /* Build configuration list for PBXNativeTarget "Edgy iOS" */ = {
			isa = XCConfigurationList;
			buildConfigurations = (
				D5A55A1513EE19130001ADF7 /* Debug */,
				D5A55A1613EE19130001ADF7 /* Release */,
			);
			defaultConfigurationIsVisible = 0;
			defaultConfigurationName = Release;
		};
		D5E1766C13D367E0009A2894 /* Build configuration list for PBXProject "Edgy" */ = {
			isa = XCConfigurationList;
			buildConfigurations = (
				D5E1769113D367E0009A2894 /* Debug */,
				D5E1769213D367E0009A2894 /* Release */,
			);
			defaultConfigurationIsVisible = 0;
			defaultConfigurationName = Release;
		};
		D5E1769313D367E0009A2894 /* Build configuration list for PBXNativeTarget "DelaunayTest" */ = {
			isa = XCConfigurationList;
			buildConfigurations = (
				D5E1769413D367E0009A2894 /* Debug */,
				D5E1769513D367E0009A2894 /* Release */,
			);
			defaultConfigurationIsVisible = 0;
			defaultConfigurationName = Release;
		};
/* End XCConfigurationList section */
	};
	rootObject = D5E1766913D367E0009A2894 /* Project object */;
}
